
Microsoft Visual Studio Solution File, Format Version 12.00
# Visual Studio Version 16
VisualStudioVersion = 16.0.30717.126
MinimumVisualStudioVersion = 10.0.40219.1
Project("{FAE04EC0-301F-11D3-BF4B-00C04F79EFBC}") = "MISA.EMIS.Api", "MISA.EMIS.Api\MISA.EMIS.Api.csproj", "{2176B791-08EA-4C61-A636-EACECA789D5A}"
EndProject
Project("{FAE04EC0-301F-11D3-BF4B-00C04F79EFBC}") = "MISA.Common", "MISA.Common\MISA.Common.csproj", "{E44182CB-BF78-46F5-9A87-4EC2B4F8EE7D}"
EndProject
Project("{FAE04EC0-301F-11D3-BF4B-00C04F79EFBC}") = "MISA.Service", "MISA.Service\MISA.Service.csproj", "{04A90AC2-EBC4-444A-A8EC-A9B1FDE361DE}"
EndProject
Project("{FAE04EC0-301F-11D3-BF4B-00C04F79EFBC}") = "MISA.DataLayer", "MISA.DataLayer\MISA.DataLayer.csproj", "{186C0EB8-242C-4E20-87E2-A67235271B8F}"
EndProject
Global
	GlobalSection(SolutionConfigurationPlatforms) = preSolution
		Debug|Any CPU = Debug|Any CPU
		Release|Any CPU = Release|Any CPU
	EndGlobalSection
	GlobalSection(ProjectConfigurationPlatforms) = postSolution
		{2176B791-08EA-4C61-A636-EACECA789D5A}.Debug|Any CPU.ActiveCfg = Debug|Any CPU
		{2176B791-08EA-4C61-A636-EACECA789D5A}.Debug|Any CPU.Build.0 = Debug|Any CPU
		{2176B791-08EA-4C61-A636-EACECA789D5A}.Release|Any CPU.ActiveCfg = Release|Any CPU
		{2176B791-08EA-4C61-A636-EACECA789D5A}.Release|Any CPU.Build.0 = Release|Any CPU
		{E44182CB-BF78-46F5-9A87-4EC2B4F8EE7D}.Debug|Any CPU.ActiveCfg = Debug|Any CPU
		{E44182CB-BF78-46F5-9A87-4EC2B4F8EE7D}.Debug|Any CPU.Build.0 = Debug|Any CPU
		{E44182CB-BF78-46F5-9A87-4EC2B4F8EE7D}.Release|Any CPU.ActiveCfg = Release|Any CPU
		{E44182CB-BF78-46F5-9A87-4EC2B4F8EE7D}.Release|Any CPU.Build.0 = Release|Any CPU
		{04A90AC2-EBC4-444A-A8EC-A9B1FDE361DE}.Debug|Any CPU.ActiveCfg = Debug|Any CPU
		{04A90AC2-EBC4-444A-A8EC-A9B1FDE361DE}.Debug|Any CPU.Build.0 = Debug|Any CPU
		{04A90AC2-EBC4-444A-A8EC-A9B1FDE361DE}.Release|Any CPU.ActiveCfg = Release|Any CPU
		{04A90AC2-EBC4-444A-A8EC-A9B1FDE361DE}.Release|Any CPU.Build.0 = Release|Any CPU
		{186C0EB8-242C-4E20-87E2-A67235271B8F}.Debug|Any CPU.ActiveCfg = Debug|Any CPU
		{186C0EB8-242C-4E20-87E2-A67235271B8F}.Debug|Any CPU.Build.0 = Debug|Any CPU
		{186C0EB8-242C-4E20-87E2-A67235271B8F}.Release|Any CPU.ActiveCfg = Release|Any CPU
		{186C0EB8-242C-4E20-87E2-A67235271B8F}.Release|Any CPU.Build.0 = Release|Any CPU
	EndGlobalSection
	GlobalSection(SolutionProperties) = preSolution
		HideSolutionNode = FALSE
	EndGlobalSection
	GlobalSection(ExtensibilityGlobals) = postSolution
		SolutionGuid = {3F077C18-BA4B-4749-AE8F-251BD8EBFC49}
	EndGlobalSection
EndGlobal
